
Microsoft Visual Studio Solution File, Format Version 12.00
# Visual Studio 15
VisualStudioVersion = 15.0.26730.8
MinimumVisualStudioVersion = 10.0.40219.1
Project("{FAE04EC0-301F-11D3-BF4B-00C04F79EFBC}") = "assignment1_partb_q1", "assignment1_partb_q1\assignment1_partb_q1.csproj", "{B4E9B8B7-194D-4EF4-8EC3-213CEAD87643}"
EndProject
Global
	GlobalSection(SolutionConfigurationPlatforms) = preSolution
		Debug|Any CPU = Debug|Any CPU
		Release|Any CPU = Release|Any CPU
	EndGlobalSection
	GlobalSection(ProjectConfigurationPlatforms) = postSolution
		{B4E9B8B7-194D-4EF4-8EC3-213CEAD87643}.Debug|Any CPU.ActiveCfg = Debug|Any CPU
		{B4E9B8B7-194D-4EF4-8EC3-213CEAD87643}.Debug|Any CPU.Build.0 = Debug|Any CPU
		{B4E9B8B7-194D-4EF4-8EC3-213CEAD87643}.Release|Any CPU.ActiveCfg = Release|Any CPU
		{B4E9B8B7-194D-4EF4-8EC3-213CEAD87643}.Release|Any CPU.Build.0 = Release|Any CPU
	EndGlobalSection
	GlobalSection(SolutionProperties) = preSolution
		HideSolutionNode = FALSE
	EndGlobalSection
	GlobalSection(ExtensibilityGlobals) = postSolution
		SolutionGuid = {52CFEBEF-E5DE-4F58-9380-F42BEBD65DEE}
	EndGlobalSection
EndGlobal
